
Microsoft Visual Studio Solution File, Format Version 12.00
Project("{2150E333-8FDC-42A3-9474-1A3956D46DE8}") = "src", "src", "{C3E63F92-324D-45EF-A290-C437D6008927}"
EndProject
Project("{2150E333-8FDC-42A3-9474-1A3956D46DE8}") = "tests", "tests", "{2422CB74-7617-4EF3-988F-578D86AE2C34}"
EndProject
Project("{2150E333-8FDC-42A3-9474-1A3956D46DE8}") = "Services", "Services", "{0C13526A-F597-4F4D-948F-808DF3A2F388}"
EndProject
Project("{2150E333-8FDC-42A3-9474-1A3956D46DE8}") = "Shared", "Shared", "{CC46FE69-DD0F-4188-9629-9253D978476E}"
EndProject
Project("{FAE04EC0-301F-11D3-BF4B-00C04F79EFBC}") = "ContactApp.Shared.Abstractions", "src\Shared\ContactApp.Shared.Abstractions\ContactApp.Shared.Abstractions.csproj", "{0EF2EB7C-1799-42AF-8848-E3466D5C3835}"
EndProject
Project("{FAE04EC0-301F-11D3-BF4B-00C04F79EFBC}") = "ContactApp.Shared", "src\Shared\ContactApp.Shared\ContactApp.Shared.csproj", "{4777BA0F-6447-44AB-BCE7-DA67D9941C53}"
EndProject
Project("{2150E333-8FDC-42A3-9474-1A3956D46DE8}") = "Company", "Company", "{CD03572B-11D0-4DE6-9642-290B049043CD}"
EndProject
Project("{FAE04EC0-301F-11D3-BF4B-00C04F79EFBC}") = "ContactApp.Company.Domain", "src\Services\Company\ContactApp.Company.Domain\ContactApp.Company.Domain.csproj", "{651EBF73-FBF4-42C7-8E86-7F25B1A5FB3E}"
EndProject
Project("{FAE04EC0-301F-11D3-BF4B-00C04F79EFBC}") = "ContactApp.Company.Application", "src\Services\Company\ContactApp.Company.Application\ContactApp.Company.Application.csproj", "{49243739-235C-47C6-8DBB-FD4F68F60AC3}"
EndProject
Project("{FAE04EC0-301F-11D3-BF4B-00C04F79EFBC}") = "ContactApp.Company.Api", "src\Services\Company\ContactApp.Company.Api\ContactApp.Company.Api.csproj", "{AA4A32D0-CD1C-42E0-BBCB-1BA2C98F568B}"
EndProject
Project("{FAE04EC0-301F-11D3-BF4B-00C04F79EFBC}") = "ContactApp.Company.Infrastructure", "src\Services\Company\ContactApp.Company.Infrastructure\ContactApp.Company.Infrastructure.csproj", "{6FAE85BD-D74E-4133-931A-0D0AA3BCE2D3}"
EndProject
Project("{FAE04EC0-301F-11D3-BF4B-00C04F79EFBC}") = "ContactApp.Company.Tests", "tests\ContactApp.Company.Tests\ContactApp.Company.Tests.csproj", "{9C93FD2A-3E5D-4A98-AE23-74F920435517}"
EndProject
Global
	GlobalSection(SolutionConfigurationPlatforms) = preSolution
		Debug|Any CPU = Debug|Any CPU
		Release|Any CPU = Release|Any CPU
	EndGlobalSection
	GlobalSection(NestedProjects) = preSolution
		{0C13526A-F597-4F4D-948F-808DF3A2F388} = {C3E63F92-324D-45EF-A290-C437D6008927}
		{CC46FE69-DD0F-4188-9629-9253D978476E} = {C3E63F92-324D-45EF-A290-C437D6008927}
		{0EF2EB7C-1799-42AF-8848-E3466D5C3835} = {CC46FE69-DD0F-4188-9629-9253D978476E}
		{4777BA0F-6447-44AB-BCE7-DA67D9941C53} = {CC46FE69-DD0F-4188-9629-9253D978476E}
		{CD03572B-11D0-4DE6-9642-290B049043CD} = {0C13526A-F597-4F4D-948F-808DF3A2F388}
		{651EBF73-FBF4-42C7-8E86-7F25B1A5FB3E} = {CD03572B-11D0-4DE6-9642-290B049043CD}
		{49243739-235C-47C6-8DBB-FD4F68F60AC3} = {CD03572B-11D0-4DE6-9642-290B049043CD}
		{AA4A32D0-CD1C-42E0-BBCB-1BA2C98F568B} = {CD03572B-11D0-4DE6-9642-290B049043CD}
		{6FAE85BD-D74E-4133-931A-0D0AA3BCE2D3} = {CD03572B-11D0-4DE6-9642-290B049043CD}
		{9C93FD2A-3E5D-4A98-AE23-74F920435517} = {2422CB74-7617-4EF3-988F-578D86AE2C34}
	EndGlobalSection
	GlobalSection(ProjectConfigurationPlatforms) = postSolution
		{0EF2EB7C-1799-42AF-8848-E3466D5C3835}.Debug|Any CPU.ActiveCfg = Debug|Any CPU
		{0EF2EB7C-1799-42AF-8848-E3466D5C3835}.Debug|Any CPU.Build.0 = Debug|Any CPU
		{0EF2EB7C-1799-42AF-8848-E3466D5C3835}.Release|Any CPU.ActiveCfg = Release|Any CPU
		{0EF2EB7C-1799-42AF-8848-E3466D5C3835}.Release|Any CPU.Build.0 = Release|Any CPU
		{4777BA0F-6447-44AB-BCE7-DA67D9941C53}.Debug|Any CPU.ActiveCfg = Debug|Any CPU
		{4777BA0F-6447-44AB-BCE7-DA67D9941C53}.Debug|Any CPU.Build.0 = Debug|Any CPU
		{4777BA0F-6447-44AB-BCE7-DA67D9941C53}.Release|Any CPU.ActiveCfg = Release|Any CPU
		{4777BA0F-6447-44AB-BCE7-DA67D9941C53}.Release|Any CPU.Build.0 = Release|Any CPU
		{651EBF73-FBF4-42C7-8E86-7F25B1A5FB3E}.Debug|Any CPU.ActiveCfg = Debug|Any CPU
		{651EBF73-FBF4-42C7-8E86-7F25B1A5FB3E}.Debug|Any CPU.Build.0 = Debug|Any CPU
		{651EBF73-FBF4-42C7-8E86-7F25B1A5FB3E}.Release|Any CPU.ActiveCfg = Release|Any CPU
		{651EBF73-FBF4-42C7-8E86-7F25B1A5FB3E}.Release|Any CPU.Build.0 = Release|Any CPU
		{49243739-235C-47C6-8DBB-FD4F68F60AC3}.Debug|Any CPU.ActiveCfg = Debug|Any CPU
		{49243739-235C-47C6-8DBB-FD4F68F60AC3}.Debug|Any CPU.Build.0 = Debug|Any CPU
		{49243739-235C-47C6-8DBB-FD4F68F60AC3}.Release|Any CPU.ActiveCfg = Release|Any CPU
		{49243739-235C-47C6-8DBB-FD4F68F60AC3}.Release|Any CPU.Build.0 = Release|Any CPU
		{AA4A32D0-CD1C-42E0-BBCB-1BA2C98F568B}.Debug|Any CPU.ActiveCfg = Debug|Any CPU
		{AA4A32D0-CD1C-42E0-BBCB-1BA2C98F568B}.Debug|Any CPU.Build.0 = Debug|Any CPU
		{AA4A32D0-CD1C-42E0-BBCB-1BA2C98F568B}.Release|Any CPU.ActiveCfg = Release|Any CPU
		{AA4A32D0-CD1C-42E0-BBCB-1BA2C98F568B}.Release|Any CPU.Build.0 = Release|Any CPU
		{6FAE85BD-D74E-4133-931A-0D0AA3BCE2D3}.Debug|Any CPU.ActiveCfg = Debug|Any CPU
		{6FAE85BD-D74E-4133-931A-0D0AA3BCE2D3}.Debug|Any CPU.Build.0 = Debug|Any CPU
		{6FAE85BD-D74E-4133-931A-0D0AA3BCE2D3}.Release|Any CPU.ActiveCfg = Release|Any CPU
		{6FAE85BD-D74E-4133-931A-0D0AA3BCE2D3}.Release|Any CPU.Build.0 = Release|Any CPU
		{9C93FD2A-3E5D-4A98-AE23-74F920435517}.Debug|Any CPU.ActiveCfg = Debug|Any CPU
		{9C93FD2A-3E5D-4A98-AE23-74F920435517}.Debug|Any CPU.Build.0 = Debug|Any CPU
		{9C93FD2A-3E5D-4A98-AE23-74F920435517}.Release|Any CPU.ActiveCfg = Release|Any CPU
		{9C93FD2A-3E5D-4A98-AE23-74F920435517}.Release|Any CPU.Build.0 = Release|Any CPU
	EndGlobalSection
EndGlobal
