
Microsoft Visual Studio Solution File, Format Version 12.00
Project("{2150E333-8FDC-42A3-9474-1A3956D46DE8}") = "src", "src", "{C3E63F92-324D-45EF-A290-C437D6008927}"
EndProject
Project("{2150E333-8FDC-42A3-9474-1A3956D46DE8}") = "tests", "tests", "{2422CB74-7617-4EF3-988F-578D86AE2C34}"
EndProject
Project("{2150E333-8FDC-42A3-9474-1A3956D46DE8}") = "Services", "Services", "{0C13526A-F597-4F4D-948F-808DF3A2F388}"
EndProject
Project("{2150E333-8FDC-42A3-9474-1A3956D46DE8}") = "Shared", "Shared", "{CC46FE69-DD0F-4188-9629-9253D978476E}"
EndProject
Project("{FAE04EC0-301F-11D3-BF4B-00C04F79EFBC}") = "ContactApp.Shared.Abstractions", "src\Shared\ContactApp.Shared.Abstractions\ContactApp.Shared.Abstractions.csproj", "{0EF2EB7C-1799-42AF-8848-E3466D5C3835}"
EndProject
Project("{FAE04EC0-301F-11D3-BF4B-00C04F79EFBC}") = "ContactApp.Shared", "src\Shared\ContactApp.Shared\ContactApp.Shared.csproj", "{4777BA0F-6447-44AB-BCE7-DA67D9941C53}"
EndProject
Project("{2150E333-8FDC-42A3-9474-1A3956D46DE8}") = "Company", "Company", "{CD03572B-11D0-4DE6-9642-290B049043CD}"
EndProject
Project("{FAE04EC0-301F-11D3-BF4B-00C04F79EFBC}") = "ContactApp.Company.Domain", "src\Services\Company\ContactApp.Company.Domain\ContactApp.Company.Domain.csproj", "{651EBF73-FBF4-42C7-8E86-7F25B1A5FB3E}"
EndProject
Project("{FAE04EC0-301F-11D3-BF4B-00C04F79EFBC}") = "ContactApp.Company.Application", "src\Services\Company\ContactApp.Company.Application\ContactApp.Company.Application.csproj", "{49243739-235C-47C6-8DBB-FD4F68F60AC3}"
EndProject
Project("{FAE04EC0-301F-11D3-BF4B-00C04F79EFBC}") = "ContactApp.Company.Api", "src\Services\Company\ContactApp.Company.Api\ContactApp.Company.Api.csproj", "{AA4A32D0-CD1C-42E0-BBCB-1BA2C98F568B}"
EndProject
Project("{FAE04EC0-301F-11D3-BF4B-00C04F79EFBC}") = "ContactApp.Company.Infrastructure", "src\Services\Company\ContactApp.Company.Infrastructure\ContactApp.Company.Infrastructure.csproj", "{6FAE85BD-D74E-4133-931A-0D0AA3BCE2D3}"
EndProject
Project("{FAE04EC0-301F-11D3-BF4B-00C04F79EFBC}") = "ContactApp.Company.Tests", "tests\ContactApp.Company.Tests\ContactApp.Company.Tests.csproj", "{9C93FD2A-3E5D-4A98-AE23-74F920435517}"
EndProject
Project("{FAE04EC0-301F-11D3-BF4B-00C04F79EFBC}") = "ContactApp.Gateway", "src\ContactApp.Gateway\ContactApp.Gateway.csproj", "{39A554C6-7148-4029-BD91-C8F5FC70A1BE}"
EndProject
Project("{2150E333-8FDC-42A3-9474-1A3956D46DE8}") = "Person", "Person", "{8F50410E-2D5C-4E38-A0AD-2C3F2F4A6F20}"
EndProject
Project("{FAE04EC0-301F-11D3-BF4B-00C04F79EFBC}") = "ContactApp.Person.Domain", "src\Services\Person\ContactApp.Person.Domain\ContactApp.Person.Domain.csproj", "{7CFE5161-5D94-44A6-AEA0-8D8F13B79C1E}"
EndProject
Project("{FAE04EC0-301F-11D3-BF4B-00C04F79EFBC}") = "ContactApp.Person.Application", "src\Services\Person\ContactApp.Person.Application\ContactApp.Person.Application.csproj", "{27E97AFD-BA66-4643-AA00-8F0FF4BEE8E3}"
EndProject
Project("{FAE04EC0-301F-11D3-BF4B-00C04F79EFBC}") = "ContactApp.Person.Infrastructure", "src\Services\Person\ContactApp.Person.Infrastructure\ContactApp.Person.Infrastructure.csproj", "{3D854EEB-28A2-43A5-8679-CFAA3A11EEA9}"
EndProject
Project("{FAE04EC0-301F-11D3-BF4B-00C04F79EFBC}") = "ContactApp.Person.Api", "src\Services\Person\ContactApp.Person.Api\ContactApp.Person.Api.csproj", "{850E1B97-7AA0-4DCB-B6DA-6443AA000F10}"
EndProject
Project("{FAE04EC0-301F-11D3-BF4B-00C04F79EFBC}") = "ContactApp.Person.Tests", "tests\ContactApp.Person.Tests\ContactApp.Person.Tests.csproj", "{6B1E4B0A-339D-4C8D-B593-36BA8494FCB0}"
EndProject
Project("{2150E333-8FDC-42A3-9474-1A3956D46DE8}") = "Report", "Report", "{BF09E012-2E56-4F3D-BF3F-7A839E9320A7}"
EndProject
Project("{FAE04EC0-301F-11D3-BF4B-00C04F79EFBC}") = "ContactApp.Report.Domain", "src\Services\Report\ContactApp.Report.Domain\ContactApp.Report.Domain.csproj", "{BE2558D8-54E2-41D0-B047-0C4E0B7FF111}"
EndProject
Project("{FAE04EC0-301F-11D3-BF4B-00C04F79EFBC}") = "ContactApp.Report.Application", "src\Services\Report\ContactApp.Report.Application\ContactApp.Report.Application.csproj", "{E261A6A7-A5BC-4799-8726-462E1B3A4BA2}"
EndProject
Project("{FAE04EC0-301F-11D3-BF4B-00C04F79EFBC}") = "ContactApp.Report.Infrastructure", "src\Services\Report\ContactApp.Report.Infrastructure\ContactApp.Report.Infrastructure.csproj", "{1439A1EC-AE1C-417A-A8BA-320B903331C5}"
EndProject
Project("{FAE04EC0-301F-11D3-BF4B-00C04F79EFBC}") = "ContactApp.Report.Api", "src\Services\Report\ContactApp.Report.Api\ContactApp.Report.Api.csproj", "{046135D7-6DB8-4A19-B4D0-B72A21D48233}"
EndProject
Project("{FAE04EC0-301F-11D3-BF4B-00C04F79EFBC}") = "ContactApp.Shared.Events", "src\Shared\ContactApp.Shared.Events\ContactApp.Shared.Events.csproj", "{D151B438-BBC0-4E4A-9943-085C0970890B}"
EndProject
Project("{2150E333-8FDC-42A3-9474-1A3956D46DE8}") = "Consumers", "Consumers", "{788309BB-FB03-47C1-8A26-63F6E86BF489}"
EndProject
Project("{FAE04EC0-301F-11D3-BF4B-00C04F79EFBC}") = "ContactApp.OutboxProcessor", "src\Consumers\ContactApp.OutboxProcessor\ContactApp.OutboxProcessor.csproj", "{F63E0BD3-3D64-4B2D-921A-9078FC6AFEDB}"
EndProject
Project("{FAE04EC0-301F-11D3-BF4B-00C04F79EFBC}") = "ContactApp.Consumers", "src\Consumers\ContactApp.Consumers\ContactApp.Consumers.csproj", "{39F06E70-FBE8-4E5C-B3B1-4D418796EC8E}"
EndProject
Project("{FAE04EC0-301F-11D3-BF4B-00C04F79EFBC}") = "ContactApp.Report.Tests", "tests\ContactApp.Report.Tests\ContactApp.Report.Tests.csproj", "{296A62E3-198B-4760-A5B7-9630B6BBD4C5}"
EndProject
Project("{FAE04EC0-301F-11D3-BF4B-00C04F79EFBC}") = "ContactApp.Shared.HttpServices", "src\Shared\ContactApp.Shared.HttpServices\ContactApp.Shared.HttpServices.csproj", "{D5C3688F-E3B9-43D4-A1D1-EAE7F8078C5D}"
EndProject
Global
	GlobalSection(SolutionConfigurationPlatforms) = preSolution
		Debug|Any CPU = Debug|Any CPU
		Release|Any CPU = Release|Any CPU
	EndGlobalSection
	GlobalSection(NestedProjects) = preSolution
		{0C13526A-F597-4F4D-948F-808DF3A2F388} = {C3E63F92-324D-45EF-A290-C437D6008927}
		{CC46FE69-DD0F-4188-9629-9253D978476E} = {C3E63F92-324D-45EF-A290-C437D6008927}
		{0EF2EB7C-1799-42AF-8848-E3466D5C3835} = {CC46FE69-DD0F-4188-9629-9253D978476E}
		{4777BA0F-6447-44AB-BCE7-DA67D9941C53} = {CC46FE69-DD0F-4188-9629-9253D978476E}
		{CD03572B-11D0-4DE6-9642-290B049043CD} = {0C13526A-F597-4F4D-948F-808DF3A2F388}
		{651EBF73-FBF4-42C7-8E86-7F25B1A5FB3E} = {CD03572B-11D0-4DE6-9642-290B049043CD}
		{49243739-235C-47C6-8DBB-FD4F68F60AC3} = {CD03572B-11D0-4DE6-9642-290B049043CD}
		{AA4A32D0-CD1C-42E0-BBCB-1BA2C98F568B} = {CD03572B-11D0-4DE6-9642-290B049043CD}
		{6FAE85BD-D74E-4133-931A-0D0AA3BCE2D3} = {CD03572B-11D0-4DE6-9642-290B049043CD}
		{9C93FD2A-3E5D-4A98-AE23-74F920435517} = {2422CB74-7617-4EF3-988F-578D86AE2C34}
		{39A554C6-7148-4029-BD91-C8F5FC70A1BE} = {C3E63F92-324D-45EF-A290-C437D6008927}
		{8F50410E-2D5C-4E38-A0AD-2C3F2F4A6F20} = {0C13526A-F597-4F4D-948F-808DF3A2F388}
		{7CFE5161-5D94-44A6-AEA0-8D8F13B79C1E} = {8F50410E-2D5C-4E38-A0AD-2C3F2F4A6F20}
		{27E97AFD-BA66-4643-AA00-8F0FF4BEE8E3} = {8F50410E-2D5C-4E38-A0AD-2C3F2F4A6F20}
		{3D854EEB-28A2-43A5-8679-CFAA3A11EEA9} = {8F50410E-2D5C-4E38-A0AD-2C3F2F4A6F20}
		{850E1B97-7AA0-4DCB-B6DA-6443AA000F10} = {8F50410E-2D5C-4E38-A0AD-2C3F2F4A6F20}
		{6B1E4B0A-339D-4C8D-B593-36BA8494FCB0} = {2422CB74-7617-4EF3-988F-578D86AE2C34}
		{BF09E012-2E56-4F3D-BF3F-7A839E9320A7} = {0C13526A-F597-4F4D-948F-808DF3A2F388}
		{BE2558D8-54E2-41D0-B047-0C4E0B7FF111} = {BF09E012-2E56-4F3D-BF3F-7A839E9320A7}
		{E261A6A7-A5BC-4799-8726-462E1B3A4BA2} = {BF09E012-2E56-4F3D-BF3F-7A839E9320A7}
		{1439A1EC-AE1C-417A-A8BA-320B903331C5} = {BF09E012-2E56-4F3D-BF3F-7A839E9320A7}
		{046135D7-6DB8-4A19-B4D0-B72A21D48233} = {BF09E012-2E56-4F3D-BF3F-7A839E9320A7}
		{D151B438-BBC0-4E4A-9943-085C0970890B} = {CC46FE69-DD0F-4188-9629-9253D978476E}
		{788309BB-FB03-47C1-8A26-63F6E86BF489} = {C3E63F92-324D-45EF-A290-C437D6008927}
		{F63E0BD3-3D64-4B2D-921A-9078FC6AFEDB} = {788309BB-FB03-47C1-8A26-63F6E86BF489}
		{39F06E70-FBE8-4E5C-B3B1-4D418796EC8E} = {788309BB-FB03-47C1-8A26-63F6E86BF489}
		{296A62E3-198B-4760-A5B7-9630B6BBD4C5} = {2422CB74-7617-4EF3-988F-578D86AE2C34}
		{D5C3688F-E3B9-43D4-A1D1-EAE7F8078C5D} = {CC46FE69-DD0F-4188-9629-9253D978476E}
	EndGlobalSection
	GlobalSection(ProjectConfigurationPlatforms) = postSolution
		{0EF2EB7C-1799-42AF-8848-E3466D5C3835}.Debug|Any CPU.ActiveCfg = Debug|Any CPU
		{0EF2EB7C-1799-42AF-8848-E3466D5C3835}.Debug|Any CPU.Build.0 = Debug|Any CPU
		{0EF2EB7C-1799-42AF-8848-E3466D5C3835}.Release|Any CPU.ActiveCfg = Release|Any CPU
		{0EF2EB7C-1799-42AF-8848-E3466D5C3835}.Release|Any CPU.Build.0 = Release|Any CPU
		{4777BA0F-6447-44AB-BCE7-DA67D9941C53}.Debug|Any CPU.ActiveCfg = Debug|Any CPU
		{4777BA0F-6447-44AB-BCE7-DA67D9941C53}.Debug|Any CPU.Build.0 = Debug|Any CPU
		{4777BA0F-6447-44AB-BCE7-DA67D9941C53}.Release|Any CPU.ActiveCfg = Release|Any CPU
		{4777BA0F-6447-44AB-BCE7-DA67D9941C53}.Release|Any CPU.Build.0 = Release|Any CPU
		{651EBF73-FBF4-42C7-8E86-7F25B1A5FB3E}.Debug|Any CPU.ActiveCfg = Debug|Any CPU
		{651EBF73-FBF4-42C7-8E86-7F25B1A5FB3E}.Debug|Any CPU.Build.0 = Debug|Any CPU
		{651EBF73-FBF4-42C7-8E86-7F25B1A5FB3E}.Release|Any CPU.ActiveCfg = Release|Any CPU
		{651EBF73-FBF4-42C7-8E86-7F25B1A5FB3E}.Release|Any CPU.Build.0 = Release|Any CPU
		{49243739-235C-47C6-8DBB-FD4F68F60AC3}.Debug|Any CPU.ActiveCfg = Debug|Any CPU
		{49243739-235C-47C6-8DBB-FD4F68F60AC3}.Debug|Any CPU.Build.0 = Debug|Any CPU
		{49243739-235C-47C6-8DBB-FD4F68F60AC3}.Release|Any CPU.ActiveCfg = Release|Any CPU
		{49243739-235C-47C6-8DBB-FD4F68F60AC3}.Release|Any CPU.Build.0 = Release|Any CPU
		{AA4A32D0-CD1C-42E0-BBCB-1BA2C98F568B}.Debug|Any CPU.ActiveCfg = Debug|Any CPU
		{AA4A32D0-CD1C-42E0-BBCB-1BA2C98F568B}.Debug|Any CPU.Build.0 = Debug|Any CPU
		{AA4A32D0-CD1C-42E0-BBCB-1BA2C98F568B}.Release|Any CPU.ActiveCfg = Release|Any CPU
		{AA4A32D0-CD1C-42E0-BBCB-1BA2C98F568B}.Release|Any CPU.Build.0 = Release|Any CPU
		{6FAE85BD-D74E-4133-931A-0D0AA3BCE2D3}.Debug|Any CPU.ActiveCfg = Debug|Any CPU
		{6FAE85BD-D74E-4133-931A-0D0AA3BCE2D3}.Debug|Any CPU.Build.0 = Debug|Any CPU
		{6FAE85BD-D74E-4133-931A-0D0AA3BCE2D3}.Release|Any CPU.ActiveCfg = Release|Any CPU
		{6FAE85BD-D74E-4133-931A-0D0AA3BCE2D3}.Release|Any CPU.Build.0 = Release|Any CPU
		{9C93FD2A-3E5D-4A98-AE23-74F920435517}.Debug|Any CPU.ActiveCfg = Debug|Any CPU
		{9C93FD2A-3E5D-4A98-AE23-74F920435517}.Debug|Any CPU.Build.0 = Debug|Any CPU
		{9C93FD2A-3E5D-4A98-AE23-74F920435517}.Release|Any CPU.ActiveCfg = Release|Any CPU
		{9C93FD2A-3E5D-4A98-AE23-74F920435517}.Release|Any CPU.Build.0 = Release|Any CPU
		{39A554C6-7148-4029-BD91-C8F5FC70A1BE}.Debug|Any CPU.ActiveCfg = Debug|Any CPU
		{39A554C6-7148-4029-BD91-C8F5FC70A1BE}.Debug|Any CPU.Build.0 = Debug|Any CPU
		{39A554C6-7148-4029-BD91-C8F5FC70A1BE}.Release|Any CPU.ActiveCfg = Release|Any CPU
		{39A554C6-7148-4029-BD91-C8F5FC70A1BE}.Release|Any CPU.Build.0 = Release|Any CPU
		{7CFE5161-5D94-44A6-AEA0-8D8F13B79C1E}.Debug|Any CPU.ActiveCfg = Debug|Any CPU
		{7CFE5161-5D94-44A6-AEA0-8D8F13B79C1E}.Debug|Any CPU.Build.0 = Debug|Any CPU
		{7CFE5161-5D94-44A6-AEA0-8D8F13B79C1E}.Release|Any CPU.ActiveCfg = Release|Any CPU
		{7CFE5161-5D94-44A6-AEA0-8D8F13B79C1E}.Release|Any CPU.Build.0 = Release|Any CPU
		{27E97AFD-BA66-4643-AA00-8F0FF4BEE8E3}.Debug|Any CPU.ActiveCfg = Debug|Any CPU
		{27E97AFD-BA66-4643-AA00-8F0FF4BEE8E3}.Debug|Any CPU.Build.0 = Debug|Any CPU
		{27E97AFD-BA66-4643-AA00-8F0FF4BEE8E3}.Release|Any CPU.ActiveCfg = Release|Any CPU
		{27E97AFD-BA66-4643-AA00-8F0FF4BEE8E3}.Release|Any CPU.Build.0 = Release|Any CPU
		{3D854EEB-28A2-43A5-8679-CFAA3A11EEA9}.Debug|Any CPU.ActiveCfg = Debug|Any CPU
		{3D854EEB-28A2-43A5-8679-CFAA3A11EEA9}.Debug|Any CPU.Build.0 = Debug|Any CPU
		{3D854EEB-28A2-43A5-8679-CFAA3A11EEA9}.Release|Any CPU.ActiveCfg = Release|Any CPU
		{3D854EEB-28A2-43A5-8679-CFAA3A11EEA9}.Release|Any CPU.Build.0 = Release|Any CPU
		{850E1B97-7AA0-4DCB-B6DA-6443AA000F10}.Debug|Any CPU.ActiveCfg = Debug|Any CPU
		{850E1B97-7AA0-4DCB-B6DA-6443AA000F10}.Debug|Any CPU.Build.0 = Debug|Any CPU
		{850E1B97-7AA0-4DCB-B6DA-6443AA000F10}.Release|Any CPU.ActiveCfg = Release|Any CPU
		{850E1B97-7AA0-4DCB-B6DA-6443AA000F10}.Release|Any CPU.Build.0 = Release|Any CPU
		{6B1E4B0A-339D-4C8D-B593-36BA8494FCB0}.Debug|Any CPU.ActiveCfg = Debug|Any CPU
		{6B1E4B0A-339D-4C8D-B593-36BA8494FCB0}.Debug|Any CPU.Build.0 = Debug|Any CPU
		{6B1E4B0A-339D-4C8D-B593-36BA8494FCB0}.Release|Any CPU.ActiveCfg = Release|Any CPU
		{6B1E4B0A-339D-4C8D-B593-36BA8494FCB0}.Release|Any CPU.Build.0 = Release|Any CPU
		{BE2558D8-54E2-41D0-B047-0C4E0B7FF111}.Debug|Any CPU.ActiveCfg = Debug|Any CPU
		{BE2558D8-54E2-41D0-B047-0C4E0B7FF111}.Debug|Any CPU.Build.0 = Debug|Any CPU
		{BE2558D8-54E2-41D0-B047-0C4E0B7FF111}.Release|Any CPU.ActiveCfg = Release|Any CPU
		{BE2558D8-54E2-41D0-B047-0C4E0B7FF111}.Release|Any CPU.Build.0 = Release|Any CPU
		{E261A6A7-A5BC-4799-8726-462E1B3A4BA2}.Debug|Any CPU.ActiveCfg = Debug|Any CPU
		{E261A6A7-A5BC-4799-8726-462E1B3A4BA2}.Debug|Any CPU.Build.0 = Debug|Any CPU
		{E261A6A7-A5BC-4799-8726-462E1B3A4BA2}.Release|Any CPU.ActiveCfg = Release|Any CPU
		{E261A6A7-A5BC-4799-8726-462E1B3A4BA2}.Release|Any CPU.Build.0 = Release|Any CPU
		{1439A1EC-AE1C-417A-A8BA-320B903331C5}.Debug|Any CPU.ActiveCfg = Debug|Any CPU
		{1439A1EC-AE1C-417A-A8BA-320B903331C5}.Debug|Any CPU.Build.0 = Debug|Any CPU
		{1439A1EC-AE1C-417A-A8BA-320B903331C5}.Release|Any CPU.ActiveCfg = Release|Any CPU
		{1439A1EC-AE1C-417A-A8BA-320B903331C5}.Release|Any CPU.Build.0 = Release|Any CPU
		{046135D7-6DB8-4A19-B4D0-B72A21D48233}.Debug|Any CPU.ActiveCfg = Debug|Any CPU
		{046135D7-6DB8-4A19-B4D0-B72A21D48233}.Debug|Any CPU.Build.0 = Debug|Any CPU
		{046135D7-6DB8-4A19-B4D0-B72A21D48233}.Release|Any CPU.ActiveCfg = Release|Any CPU
		{046135D7-6DB8-4A19-B4D0-B72A21D48233}.Release|Any CPU.Build.0 = Release|Any CPU
		{D151B438-BBC0-4E4A-9943-085C0970890B}.Debug|Any CPU.ActiveCfg = Debug|Any CPU
		{D151B438-BBC0-4E4A-9943-085C0970890B}.Debug|Any CPU.Build.0 = Debug|Any CPU
		{D151B438-BBC0-4E4A-9943-085C0970890B}.Release|Any CPU.ActiveCfg = Release|Any CPU
		{D151B438-BBC0-4E4A-9943-085C0970890B}.Release|Any CPU.Build.0 = Release|Any CPU
		{F63E0BD3-3D64-4B2D-921A-9078FC6AFEDB}.Debug|Any CPU.ActiveCfg = Debug|Any CPU
		{F63E0BD3-3D64-4B2D-921A-9078FC6AFEDB}.Debug|Any CPU.Build.0 = Debug|Any CPU
		{F63E0BD3-3D64-4B2D-921A-9078FC6AFEDB}.Release|Any CPU.ActiveCfg = Release|Any CPU
		{F63E0BD3-3D64-4B2D-921A-9078FC6AFEDB}.Release|Any CPU.Build.0 = Release|Any CPU
		{39F06E70-FBE8-4E5C-B3B1-4D418796EC8E}.Debug|Any CPU.ActiveCfg = Debug|Any CPU
		{39F06E70-FBE8-4E5C-B3B1-4D418796EC8E}.Debug|Any CPU.Build.0 = Debug|Any CPU
		{39F06E70-FBE8-4E5C-B3B1-4D418796EC8E}.Release|Any CPU.ActiveCfg = Release|Any CPU
		{39F06E70-FBE8-4E5C-B3B1-4D418796EC8E}.Release|Any CPU.Build.0 = Release|Any CPU
		{296A62E3-198B-4760-A5B7-9630B6BBD4C5}.Debug|Any CPU.ActiveCfg = Debug|Any CPU
		{296A62E3-198B-4760-A5B7-9630B6BBD4C5}.Debug|Any CPU.Build.0 = Debug|Any CPU
		{296A62E3-198B-4760-A5B7-9630B6BBD4C5}.Release|Any CPU.ActiveCfg = Release|Any CPU
		{296A62E3-198B-4760-A5B7-9630B6BBD4C5}.Release|Any CPU.Build.0 = Release|Any CPU
		{D5C3688F-E3B9-43D4-A1D1-EAE7F8078C5D}.Debug|Any CPU.ActiveCfg = Debug|Any CPU
		{D5C3688F-E3B9-43D4-A1D1-EAE7F8078C5D}.Debug|Any CPU.Build.0 = Debug|Any CPU
		{D5C3688F-E3B9-43D4-A1D1-EAE7F8078C5D}.Release|Any CPU.ActiveCfg = Release|Any CPU
		{D5C3688F-E3B9-43D4-A1D1-EAE7F8078C5D}.Release|Any CPU.Build.0 = Release|Any CPU
	EndGlobalSection
EndGlobal
